
Microsoft Visual Studio Solution File, Format Version 12.00
# Visual Studio Version 17
VisualStudioVersion = 17.1.31903.286
MinimumVisualStudioVersion = 10.0.40219.1
Project("{9A19103F-16F7-4668-BE54-9A1E7A4F7556}") = "CalculadoraParcelas.ModernWPF", "src\CalculadoraParcelas.ModernWPF\CalculadoraParcelas.ModernWPF.csproj", "{BF304960-656B-4E18-A068-BE122B16D5C4}"
EndProject
Project("{2150E333-8FDC-42A3-9474-1A3956D46DE8}") = "Desktop", "Desktop", "{B70C3B67-FEC7-42E8-87E0-2374A952BE0E}"
EndProject
Project("{FAE04EC0-301F-11D3-BF4B-00C04F79EFBC}") = "CalculadoraParcelas.UWP", "src\CalculadoraParcelas.UWP\CalculadoraParcelas.UWP.csproj", "{1BE43838-1DF9-4A2B-A2B9-3CA1426F9DBF}"
EndProject
Project("{9A19103F-16F7-4668-BE54-9A1E7A4F7556}") = "CalculadoraParcelas.Core", "src\CalculadoraParcelas.Windows.Core\CalculadoraParcelas.Core.csproj", "{01D47DA4-5FB2-45A9-808C-186DB080DA0B}"
EndProject
Project("{2150E333-8FDC-42A3-9474-1A3956D46DE8}") = "Solution Items", "Solution Items", "{BF937538-4D61-47E0-A56F-241B4408270F}"
	ProjectSection(SolutionItems) = preProject
		.editorconfig = .editorconfig
	EndProjectSection
EndProject
Project("{9A19103F-16F7-4668-BE54-9A1E7A4F7556}") = "CalculadoraParcelas.WinUI", "src\CalculadoraParcelas.WinUI\CalculadoraParcelas.WinUI.csproj", "{2E6A7E2D-7BEE-4FE9-BFA3-2EB83BB2C946}"
EndProject
Project("{2150E333-8FDC-42A3-9474-1A3956D46DE8}") = "Avalonia", "Avalonia", "{62663D68-B9DE-487E-AB2A-2851E2BB79DD}"
EndProject
Project("{2150E333-8FDC-42A3-9474-1A3956D46DE8}") = "Web", "Web", "{D2AC4DA4-C180-4DCA-A6C6-A2811A59DD39}"
EndProject
Project("{9A19103F-16F7-4668-BE54-9A1E7A4F7556}") = "CalculadoraParcelas.Avalonia", "CalculadoraParcelas.Avalonia\CalculadoraParcelas.Avalonia.csproj", "{92EE856F-1F9B-4BC2-BB3B-84CAFF5C2B1E}"
EndProject
Project("{9A19103F-16F7-4668-BE54-9A1E7A4F7556}") = "CalculadoraParcelas.Avalonia.Android", "CalculadoraParcelas.Avalonia.Android\CalculadoraParcelas.Avalonia.Android.csproj", "{0AF197E1-9745-4074-AAD4-3A7FA205EB91}"
EndProject
Project("{9A19103F-16F7-4668-BE54-9A1E7A4F7556}") = "CalculadoraParcelas.Avalonia.Desktop", "CalculadoraParcelas.Avalonia.Desktop\CalculadoraParcelas.Avalonia.Desktop.csproj", "{7203E8E6-4213-49D6-BB91-7A69D1E2FB4F}"
EndProject
Project("{9A19103F-16F7-4668-BE54-9A1E7A4F7556}") = "CalculadoraParcelas.Avalonia.Browser", "CalculadoraParcelas.Avalonia.Browser\CalculadoraParcelas.Avalonia.Browser.csproj", "{2E187B99-B727-4DBE-96B8-4DC3396789FE}"
EndProject
Project("{9A19103F-16F7-4668-BE54-9A1E7A4F7556}") = "CalculadoraParcelas.Web", "CalculadoraParcelas.Web\CalculadoraParcelas.Web\CalculadoraParcelas.Web.csproj", "{F30D01EC-84F9-4D11-832D-5C43F04E8D37}"
EndProject
Project("{9A19103F-16F7-4668-BE54-9A1E7A4F7556}") = "CalculadoraParcelas.Web.Client", "CalculadoraParcelas.Web\CalculadoraParcelas.Web.Client\CalculadoraParcelas.Web.Client.csproj", "{A32C19A3-BEB2-4120-A621-B9F4B1E1F294}"
EndProject
Project("{FAE04EC0-301F-11D3-BF4B-00C04F79EFBC}") = "CalculadoraParcelas.UIWPFModern", "src\CalculadoraParcelas.UIWPFModern\CalculadoraParcelas.UIWPFModern.csproj", "{4914A625-72B9-46B9-A502-BDC0531E5504}"
EndProject
Global
	GlobalSection(SolutionConfigurationPlatforms) = preSolution
		Debug|Any CPU = Debug|Any CPU
		Debug|ARM = Debug|ARM
		Debug|arm64 = Debug|arm64
		Debug|x64 = Debug|x64
		Debug|x86 = Debug|x86
		Release|Any CPU = Release|Any CPU
		Release|ARM = Release|ARM
		Release|arm64 = Release|arm64
		Release|x64 = Release|x64
		Release|x86 = Release|x86
	EndGlobalSection
	GlobalSection(ProjectConfigurationPlatforms) = postSolution
		{BF304960-656B-4E18-A068-BE122B16D5C4}.Debug|Any CPU.ActiveCfg = Debug|Any CPU
		{BF304960-656B-4E18-A068-BE122B16D5C4}.Debug|Any CPU.Build.0 = Debug|Any CPU
		{BF304960-656B-4E18-A068-BE122B16D5C4}.Debug|ARM.ActiveCfg = Debug|Any CPU
		{BF304960-656B-4E18-A068-BE122B16D5C4}.Debug|ARM.Build.0 = Debug|Any CPU
		{BF304960-656B-4E18-A068-BE122B16D5C4}.Debug|arm64.ActiveCfg = Debug|Any CPU
		{BF304960-656B-4E18-A068-BE122B16D5C4}.Debug|arm64.Build.0 = Debug|Any CPU
		{BF304960-656B-4E18-A068-BE122B16D5C4}.Debug|x64.ActiveCfg = Debug|Any CPU
		{BF304960-656B-4E18-A068-BE122B16D5C4}.Debug|x64.Build.0 = Debug|Any CPU
		{BF304960-656B-4E18-A068-BE122B16D5C4}.Debug|x86.ActiveCfg = Debug|x86
		{BF304960-656B-4E18-A068-BE122B16D5C4}.Debug|x86.Build.0 = Debug|x86
		{BF304960-656B-4E18-A068-BE122B16D5C4}.Release|Any CPU.ActiveCfg = Release|Any CPU
		{BF304960-656B-4E18-A068-BE122B16D5C4}.Release|Any CPU.Build.0 = Release|Any CPU
		{BF304960-656B-4E18-A068-BE122B16D5C4}.Release|ARM.ActiveCfg = Release|Any CPU
		{BF304960-656B-4E18-A068-BE122B16D5C4}.Release|ARM.Build.0 = Release|Any CPU
		{BF304960-656B-4E18-A068-BE122B16D5C4}.Release|arm64.ActiveCfg = Release|Any CPU
		{BF304960-656B-4E18-A068-BE122B16D5C4}.Release|arm64.Build.0 = Release|Any CPU
		{BF304960-656B-4E18-A068-BE122B16D5C4}.Release|x64.ActiveCfg = Release|Any CPU
		{BF304960-656B-4E18-A068-BE122B16D5C4}.Release|x64.Build.0 = Release|Any CPU
		{BF304960-656B-4E18-A068-BE122B16D5C4}.Release|x86.ActiveCfg = Release|Any CPU
		{BF304960-656B-4E18-A068-BE122B16D5C4}.Release|x86.Build.0 = Release|Any CPU
		{1BE43838-1DF9-4A2B-A2B9-3CA1426F9DBF}.Debug|Any CPU.ActiveCfg = Debug|x86
		{1BE43838-1DF9-4A2B-A2B9-3CA1426F9DBF}.Debug|Any CPU.Build.0 = Debug|x86
		{1BE43838-1DF9-4A2B-A2B9-3CA1426F9DBF}.Debug|Any CPU.Deploy.0 = Debug|x86
		{1BE43838-1DF9-4A2B-A2B9-3CA1426F9DBF}.Debug|ARM.ActiveCfg = Debug|ARM
		{1BE43838-1DF9-4A2B-A2B9-3CA1426F9DBF}.Debug|ARM.Build.0 = Debug|ARM
		{1BE43838-1DF9-4A2B-A2B9-3CA1426F9DBF}.Debug|ARM.Deploy.0 = Debug|ARM
		{1BE43838-1DF9-4A2B-A2B9-3CA1426F9DBF}.Debug|arm64.ActiveCfg = Debug|ARM64
		{1BE43838-1DF9-4A2B-A2B9-3CA1426F9DBF}.Debug|arm64.Build.0 = Debug|ARM64
		{1BE43838-1DF9-4A2B-A2B9-3CA1426F9DBF}.Debug|arm64.Deploy.0 = Debug|ARM64
		{1BE43838-1DF9-4A2B-A2B9-3CA1426F9DBF}.Debug|x64.ActiveCfg = Debug|x64
		{1BE43838-1DF9-4A2B-A2B9-3CA1426F9DBF}.Debug|x64.Build.0 = Debug|x64
		{1BE43838-1DF9-4A2B-A2B9-3CA1426F9DBF}.Debug|x64.Deploy.0 = Debug|x64
		{1BE43838-1DF9-4A2B-A2B9-3CA1426F9DBF}.Debug|x86.ActiveCfg = Debug|x86
		{1BE43838-1DF9-4A2B-A2B9-3CA1426F9DBF}.Debug|x86.Build.0 = Debug|x86
		{1BE43838-1DF9-4A2B-A2B9-3CA1426F9DBF}.Debug|x86.Deploy.0 = Debug|x86
		{1BE43838-1DF9-4A2B-A2B9-3CA1426F9DBF}.Release|Any CPU.ActiveCfg = Release|x86
		{1BE43838-1DF9-4A2B-A2B9-3CA1426F9DBF}.Release|ARM.ActiveCfg = Release|ARM
		{1BE43838-1DF9-4A2B-A2B9-3CA1426F9DBF}.Release|ARM.Build.0 = Release|ARM
		{1BE43838-1DF9-4A2B-A2B9-3CA1426F9DBF}.Release|ARM.Deploy.0 = Release|ARM
		{1BE43838-1DF9-4A2B-A2B9-3CA1426F9DBF}.Release|arm64.ActiveCfg = Release|ARM64
		{1BE43838-1DF9-4A2B-A2B9-3CA1426F9DBF}.Release|arm64.Build.0 = Release|ARM64
		{1BE43838-1DF9-4A2B-A2B9-3CA1426F9DBF}.Release|arm64.Deploy.0 = Release|ARM64
		{1BE43838-1DF9-4A2B-A2B9-3CA1426F9DBF}.Release|x64.ActiveCfg = Release|x64
		{1BE43838-1DF9-4A2B-A2B9-3CA1426F9DBF}.Release|x64.Build.0 = Release|x64
		{1BE43838-1DF9-4A2B-A2B9-3CA1426F9DBF}.Release|x64.Deploy.0 = Release|x64
		{1BE43838-1DF9-4A2B-A2B9-3CA1426F9DBF}.Release|x86.ActiveCfg = Release|x86
		{1BE43838-1DF9-4A2B-A2B9-3CA1426F9DBF}.Release|x86.Build.0 = Release|x86
		{1BE43838-1DF9-4A2B-A2B9-3CA1426F9DBF}.Release|x86.Deploy.0 = Release|x86
		{01D47DA4-5FB2-45A9-808C-186DB080DA0B}.Debug|Any CPU.ActiveCfg = Debug|Any CPU
		{01D47DA4-5FB2-45A9-808C-186DB080DA0B}.Debug|Any CPU.Build.0 = Debug|Any CPU
		{01D47DA4-5FB2-45A9-808C-186DB080DA0B}.Debug|ARM.ActiveCfg = Debug|Any CPU
		{01D47DA4-5FB2-45A9-808C-186DB080DA0B}.Debug|ARM.Build.0 = Debug|Any CPU
		{01D47DA4-5FB2-45A9-808C-186DB080DA0B}.Debug|arm64.ActiveCfg = Debug|Any CPU
		{01D47DA4-5FB2-45A9-808C-186DB080DA0B}.Debug|arm64.Build.0 = Debug|Any CPU
		{01D47DA4-5FB2-45A9-808C-186DB080DA0B}.Debug|x64.ActiveCfg = Debug|Any CPU
		{01D47DA4-5FB2-45A9-808C-186DB080DA0B}.Debug|x64.Build.0 = Debug|Any CPU
		{01D47DA4-5FB2-45A9-808C-186DB080DA0B}.Debug|x86.ActiveCfg = Debug|Any CPU
		{01D47DA4-5FB2-45A9-808C-186DB080DA0B}.Debug|x86.Build.0 = Debug|Any CPU
		{01D47DA4-5FB2-45A9-808C-186DB080DA0B}.Release|Any CPU.ActiveCfg = Release|Any CPU
		{01D47DA4-5FB2-45A9-808C-186DB080DA0B}.Release|Any CPU.Build.0 = Release|Any CPU
		{01D47DA4-5FB2-45A9-808C-186DB080DA0B}.Release|ARM.ActiveCfg = Release|Any CPU
		{01D47DA4-5FB2-45A9-808C-186DB080DA0B}.Release|ARM.Build.0 = Release|Any CPU
		{01D47DA4-5FB2-45A9-808C-186DB080DA0B}.Release|arm64.ActiveCfg = Release|Any CPU
		{01D47DA4-5FB2-45A9-808C-186DB080DA0B}.Release|arm64.Build.0 = Release|Any CPU
		{01D47DA4-5FB2-45A9-808C-186DB080DA0B}.Release|x64.ActiveCfg = Release|Any CPU
		{01D47DA4-5FB2-45A9-808C-186DB080DA0B}.Release|x64.Build.0 = Release|Any CPU
		{01D47DA4-5FB2-45A9-808C-186DB080DA0B}.Release|x86.ActiveCfg = Release|Any CPU
		{01D47DA4-5FB2-45A9-808C-186DB080DA0B}.Release|x86.Build.0 = Release|Any CPU
		{2E6A7E2D-7BEE-4FE9-BFA3-2EB83BB2C946}.Debug|Any CPU.ActiveCfg = Debug|x64
		{2E6A7E2D-7BEE-4FE9-BFA3-2EB83BB2C946}.Debug|Any CPU.Build.0 = Debug|x64
		{2E6A7E2D-7BEE-4FE9-BFA3-2EB83BB2C946}.Debug|ARM.ActiveCfg = Debug|x64
		{2E6A7E2D-7BEE-4FE9-BFA3-2EB83BB2C946}.Debug|ARM.Build.0 = Debug|x64
		{2E6A7E2D-7BEE-4FE9-BFA3-2EB83BB2C946}.Debug|arm64.ActiveCfg = Debug|arm64
		{2E6A7E2D-7BEE-4FE9-BFA3-2EB83BB2C946}.Debug|arm64.Build.0 = Debug|arm64
		{2E6A7E2D-7BEE-4FE9-BFA3-2EB83BB2C946}.Debug|x64.ActiveCfg = Debug|x64
		{2E6A7E2D-7BEE-4FE9-BFA3-2EB83BB2C946}.Debug|x64.Build.0 = Debug|x64
		{2E6A7E2D-7BEE-4FE9-BFA3-2EB83BB2C946}.Debug|x64.Deploy.0 = Debug|x64
		{2E6A7E2D-7BEE-4FE9-BFA3-2EB83BB2C946}.Debug|x86.ActiveCfg = Debug|x86
		{2E6A7E2D-7BEE-4FE9-BFA3-2EB83BB2C946}.Debug|x86.Build.0 = Debug|x86
		{2E6A7E2D-7BEE-4FE9-BFA3-2EB83BB2C946}.Release|Any CPU.ActiveCfg = Release|x64
		{2E6A7E2D-7BEE-4FE9-BFA3-2EB83BB2C946}.Release|Any CPU.Build.0 = Release|x64
		{2E6A7E2D-7BEE-4FE9-BFA3-2EB83BB2C946}.Release|ARM.ActiveCfg = Release|x64
		{2E6A7E2D-7BEE-4FE9-BFA3-2EB83BB2C946}.Release|ARM.Build.0 = Release|x64
		{2E6A7E2D-7BEE-4FE9-BFA3-2EB83BB2C946}.Release|arm64.ActiveCfg = Release|arm64
		{2E6A7E2D-7BEE-4FE9-BFA3-2EB83BB2C946}.Release|arm64.Build.0 = Release|arm64
		{2E6A7E2D-7BEE-4FE9-BFA3-2EB83BB2C946}.Release|x64.ActiveCfg = Release|x64
		{2E6A7E2D-7BEE-4FE9-BFA3-2EB83BB2C946}.Release|x64.Build.0 = Release|x64
		{2E6A7E2D-7BEE-4FE9-BFA3-2EB83BB2C946}.Release|x86.ActiveCfg = Release|x86
		{2E6A7E2D-7BEE-4FE9-BFA3-2EB83BB2C946}.Release|x86.Build.0 = Release|x86
		{92EE856F-1F9B-4BC2-BB3B-84CAFF5C2B1E}.Debug|Any CPU.ActiveCfg = Debug|Any CPU
		{92EE856F-1F9B-4BC2-BB3B-84CAFF5C2B1E}.Debug|Any CPU.Build.0 = Debug|Any CPU
		{92EE856F-1F9B-4BC2-BB3B-84CAFF5C2B1E}.Debug|ARM.ActiveCfg = Debug|Any CPU
		{92EE856F-1F9B-4BC2-BB3B-84CAFF5C2B1E}.Debug|ARM.Build.0 = Debug|Any CPU
		{92EE856F-1F9B-4BC2-BB3B-84CAFF5C2B1E}.Debug|arm64.ActiveCfg = Debug|Any CPU
		{92EE856F-1F9B-4BC2-BB3B-84CAFF5C2B1E}.Debug|arm64.Build.0 = Debug|Any CPU
		{92EE856F-1F9B-4BC2-BB3B-84CAFF5C2B1E}.Debug|x64.ActiveCfg = Debug|Any CPU
		{92EE856F-1F9B-4BC2-BB3B-84CAFF5C2B1E}.Debug|x64.Build.0 = Debug|Any CPU
		{92EE856F-1F9B-4BC2-BB3B-84CAFF5C2B1E}.Debug|x86.ActiveCfg = Debug|Any CPU
		{92EE856F-1F9B-4BC2-BB3B-84CAFF5C2B1E}.Debug|x86.Build.0 = Debug|Any CPU
		{92EE856F-1F9B-4BC2-BB3B-84CAFF5C2B1E}.Release|Any CPU.ActiveCfg = Release|Any CPU
		{92EE856F-1F9B-4BC2-BB3B-84CAFF5C2B1E}.Release|Any CPU.Build.0 = Release|Any CPU
		{92EE856F-1F9B-4BC2-BB3B-84CAFF5C2B1E}.Release|ARM.ActiveCfg = Release|Any CPU
		{92EE856F-1F9B-4BC2-BB3B-84CAFF5C2B1E}.Release|ARM.Build.0 = Release|Any CPU
		{92EE856F-1F9B-4BC2-BB3B-84CAFF5C2B1E}.Release|arm64.ActiveCfg = Release|Any CPU
		{92EE856F-1F9B-4BC2-BB3B-84CAFF5C2B1E}.Release|arm64.Build.0 = Release|Any CPU
		{92EE856F-1F9B-4BC2-BB3B-84CAFF5C2B1E}.Release|x64.ActiveCfg = Release|Any CPU
		{92EE856F-1F9B-4BC2-BB3B-84CAFF5C2B1E}.Release|x64.Build.0 = Release|Any CPU
		{92EE856F-1F9B-4BC2-BB3B-84CAFF5C2B1E}.Release|x86.ActiveCfg = Release|Any CPU
		{92EE856F-1F9B-4BC2-BB3B-84CAFF5C2B1E}.Release|x86.Build.0 = Release|Any CPU
		{0AF197E1-9745-4074-AAD4-3A7FA205EB91}.Debug|Any CPU.ActiveCfg = Debug|Any CPU
		{0AF197E1-9745-4074-AAD4-3A7FA205EB91}.Debug|Any CPU.Build.0 = Debug|Any CPU
		{0AF197E1-9745-4074-AAD4-3A7FA205EB91}.Debug|Any CPU.Deploy.0 = Debug|Any CPU
		{0AF197E1-9745-4074-AAD4-3A7FA205EB91}.Debug|ARM.ActiveCfg = Debug|Any CPU
		{0AF197E1-9745-4074-AAD4-3A7FA205EB91}.Debug|ARM.Build.0 = Debug|Any CPU
		{0AF197E1-9745-4074-AAD4-3A7FA205EB91}.Debug|ARM.Deploy.0 = Debug|Any CPU
		{0AF197E1-9745-4074-AAD4-3A7FA205EB91}.Debug|arm64.ActiveCfg = Debug|Any CPU
		{0AF197E1-9745-4074-AAD4-3A7FA205EB91}.Debug|arm64.Build.0 = Debug|Any CPU
		{0AF197E1-9745-4074-AAD4-3A7FA205EB91}.Debug|arm64.Deploy.0 = Debug|Any CPU
		{0AF197E1-9745-4074-AAD4-3A7FA205EB91}.Debug|x64.ActiveCfg = Debug|Any CPU
		{0AF197E1-9745-4074-AAD4-3A7FA205EB91}.Debug|x64.Build.0 = Debug|Any CPU
		{0AF197E1-9745-4074-AAD4-3A7FA205EB91}.Debug|x64.Deploy.0 = Debug|Any CPU
		{0AF197E1-9745-4074-AAD4-3A7FA205EB91}.Debug|x86.ActiveCfg = Debug|Any CPU
		{0AF197E1-9745-4074-AAD4-3A7FA205EB91}.Debug|x86.Build.0 = Debug|Any CPU
		{0AF197E1-9745-4074-AAD4-3A7FA205EB91}.Debug|x86.Deploy.0 = Debug|Any CPU
		{0AF197E1-9745-4074-AAD4-3A7FA205EB91}.Release|Any CPU.ActiveCfg = Release|Any CPU
		{0AF197E1-9745-4074-AAD4-3A7FA205EB91}.Release|Any CPU.Build.0 = Release|Any CPU
		{0AF197E1-9745-4074-AAD4-3A7FA205EB91}.Release|Any CPU.Deploy.0 = Release|Any CPU
		{0AF197E1-9745-4074-AAD4-3A7FA205EB91}.Release|ARM.ActiveCfg = Release|Any CPU
		{0AF197E1-9745-4074-AAD4-3A7FA205EB91}.Release|ARM.Build.0 = Release|Any CPU
		{0AF197E1-9745-4074-AAD4-3A7FA205EB91}.Release|ARM.Deploy.0 = Release|Any CPU
		{0AF197E1-9745-4074-AAD4-3A7FA205EB91}.Release|arm64.ActiveCfg = Release|Any CPU
		{0AF197E1-9745-4074-AAD4-3A7FA205EB91}.Release|arm64.Build.0 = Release|Any CPU
		{0AF197E1-9745-4074-AAD4-3A7FA205EB91}.Release|arm64.Deploy.0 = Release|Any CPU
		{0AF197E1-9745-4074-AAD4-3A7FA205EB91}.Release|x64.ActiveCfg = Release|Any CPU
		{0AF197E1-9745-4074-AAD4-3A7FA205EB91}.Release|x64.Build.0 = Release|Any CPU
		{0AF197E1-9745-4074-AAD4-3A7FA205EB91}.Release|x64.Deploy.0 = Release|Any CPU
		{0AF197E1-9745-4074-AAD4-3A7FA205EB91}.Release|x86.ActiveCfg = Release|Any CPU
		{0AF197E1-9745-4074-AAD4-3A7FA205EB91}.Release|x86.Build.0 = Release|Any CPU
		{0AF197E1-9745-4074-AAD4-3A7FA205EB91}.Release|x86.Deploy.0 = Release|Any CPU
		{7203E8E6-4213-49D6-BB91-7A69D1E2FB4F}.Debug|Any CPU.ActiveCfg = Debug|Any CPU
		{7203E8E6-4213-49D6-BB91-7A69D1E2FB4F}.Debug|Any CPU.Build.0 = Debug|Any CPU
		{7203E8E6-4213-49D6-BB91-7A69D1E2FB4F}.Debug|ARM.ActiveCfg = Debug|Any CPU
		{7203E8E6-4213-49D6-BB91-7A69D1E2FB4F}.Debug|ARM.Build.0 = Debug|Any CPU
		{7203E8E6-4213-49D6-BB91-7A69D1E2FB4F}.Debug|arm64.ActiveCfg = Debug|Any CPU
		{7203E8E6-4213-49D6-BB91-7A69D1E2FB4F}.Debug|arm64.Build.0 = Debug|Any CPU
		{7203E8E6-4213-49D6-BB91-7A69D1E2FB4F}.Debug|x64.ActiveCfg = Debug|Any CPU
		{7203E8E6-4213-49D6-BB91-7A69D1E2FB4F}.Debug|x64.Build.0 = Debug|Any CPU
		{7203E8E6-4213-49D6-BB91-7A69D1E2FB4F}.Debug|x86.ActiveCfg = Debug|Any CPU
		{7203E8E6-4213-49D6-BB91-7A69D1E2FB4F}.Debug|x86.Build.0 = Debug|Any CPU
		{7203E8E6-4213-49D6-BB91-7A69D1E2FB4F}.Release|Any CPU.ActiveCfg = Release|Any CPU
		{7203E8E6-4213-49D6-BB91-7A69D1E2FB4F}.Release|Any CPU.Build.0 = Release|Any CPU
		{7203E8E6-4213-49D6-BB91-7A69D1E2FB4F}.Release|ARM.ActiveCfg = Release|Any CPU
		{7203E8E6-4213-49D6-BB91-7A69D1E2FB4F}.Release|ARM.Build.0 = Release|Any CPU
		{7203E8E6-4213-49D6-BB91-7A69D1E2FB4F}.Release|arm64.ActiveCfg = Release|Any CPU
		{7203E8E6-4213-49D6-BB91-7A69D1E2FB4F}.Release|arm64.Build.0 = Release|Any CPU
		{7203E8E6-4213-49D6-BB91-7A69D1E2FB4F}.Release|x64.ActiveCfg = Release|Any CPU
		{7203E8E6-4213-49D6-BB91-7A69D1E2FB4F}.Release|x64.Build.0 = Release|Any CPU
		{7203E8E6-4213-49D6-BB91-7A69D1E2FB4F}.Release|x86.ActiveCfg = Release|Any CPU
		{7203E8E6-4213-49D6-BB91-7A69D1E2FB4F}.Release|x86.Build.0 = Release|Any CPU
		{2E187B99-B727-4DBE-96B8-4DC3396789FE}.Debug|Any CPU.ActiveCfg = Debug|Any CPU
		{2E187B99-B727-4DBE-96B8-4DC3396789FE}.Debug|Any CPU.Build.0 = Debug|Any CPU
		{2E187B99-B727-4DBE-96B8-4DC3396789FE}.Debug|ARM.ActiveCfg = Debug|Any CPU
		{2E187B99-B727-4DBE-96B8-4DC3396789FE}.Debug|ARM.Build.0 = Debug|Any CPU
		{2E187B99-B727-4DBE-96B8-4DC3396789FE}.Debug|arm64.ActiveCfg = Debug|Any CPU
		{2E187B99-B727-4DBE-96B8-4DC3396789FE}.Debug|arm64.Build.0 = Debug|Any CPU
		{2E187B99-B727-4DBE-96B8-4DC3396789FE}.Debug|x64.ActiveCfg = Debug|Any CPU
		{2E187B99-B727-4DBE-96B8-4DC3396789FE}.Debug|x64.Build.0 = Debug|Any CPU
		{2E187B99-B727-4DBE-96B8-4DC3396789FE}.Debug|x86.ActiveCfg = Debug|Any CPU
		{2E187B99-B727-4DBE-96B8-4DC3396789FE}.Debug|x86.Build.0 = Debug|Any CPU
		{2E187B99-B727-4DBE-96B8-4DC3396789FE}.Release|Any CPU.ActiveCfg = Release|Any CPU
		{2E187B99-B727-4DBE-96B8-4DC3396789FE}.Release|Any CPU.Build.0 = Release|Any CPU
		{2E187B99-B727-4DBE-96B8-4DC3396789FE}.Release|ARM.ActiveCfg = Release|Any CPU
		{2E187B99-B727-4DBE-96B8-4DC3396789FE}.Release|ARM.Build.0 = Release|Any CPU
		{2E187B99-B727-4DBE-96B8-4DC3396789FE}.Release|arm64.ActiveCfg = Release|Any CPU
		{2E187B99-B727-4DBE-96B8-4DC3396789FE}.Release|arm64.Build.0 = Release|Any CPU
		{2E187B99-B727-4DBE-96B8-4DC3396789FE}.Release|x64.ActiveCfg = Release|Any CPU
		{2E187B99-B727-4DBE-96B8-4DC3396789FE}.Release|x64.Build.0 = Release|Any CPU
		{2E187B99-B727-4DBE-96B8-4DC3396789FE}.Release|x86.ActiveCfg = Release|Any CPU
		{2E187B99-B727-4DBE-96B8-4DC3396789FE}.Release|x86.Build.0 = Release|Any CPU
		{F30D01EC-84F9-4D11-832D-5C43F04E8D37}.Debug|Any CPU.ActiveCfg = Debug|Any CPU
		{F30D01EC-84F9-4D11-832D-5C43F04E8D37}.Debug|Any CPU.Build.0 = Debug|Any CPU
		{F30D01EC-84F9-4D11-832D-5C43F04E8D37}.Debug|ARM.ActiveCfg = Debug|Any CPU
		{F30D01EC-84F9-4D11-832D-5C43F04E8D37}.Debug|ARM.Build.0 = Debug|Any CPU
		{F30D01EC-84F9-4D11-832D-5C43F04E8D37}.Debug|arm64.ActiveCfg = Debug|Any CPU
		{F30D01EC-84F9-4D11-832D-5C43F04E8D37}.Debug|arm64.Build.0 = Debug|Any CPU
		{F30D01EC-84F9-4D11-832D-5C43F04E8D37}.Debug|x64.ActiveCfg = Debug|Any CPU
		{F30D01EC-84F9-4D11-832D-5C43F04E8D37}.Debug|x64.Build.0 = Debug|Any CPU
		{F30D01EC-84F9-4D11-832D-5C43F04E8D37}.Debug|x86.ActiveCfg = Debug|Any CPU
		{F30D01EC-84F9-4D11-832D-5C43F04E8D37}.Debug|x86.Build.0 = Debug|Any CPU
		{F30D01EC-84F9-4D11-832D-5C43F04E8D37}.Release|Any CPU.ActiveCfg = Release|Any CPU
		{F30D01EC-84F9-4D11-832D-5C43F04E8D37}.Release|Any CPU.Build.0 = Release|Any CPU
		{F30D01EC-84F9-4D11-832D-5C43F04E8D37}.Release|ARM.ActiveCfg = Release|Any CPU
		{F30D01EC-84F9-4D11-832D-5C43F04E8D37}.Release|ARM.Build.0 = Release|Any CPU
		{F30D01EC-84F9-4D11-832D-5C43F04E8D37}.Release|arm64.ActiveCfg = Release|Any CPU
		{F30D01EC-84F9-4D11-832D-5C43F04E8D37}.Release|arm64.Build.0 = Release|Any CPU
		{F30D01EC-84F9-4D11-832D-5C43F04E8D37}.Release|x64.ActiveCfg = Release|Any CPU
		{F30D01EC-84F9-4D11-832D-5C43F04E8D37}.Release|x64.Build.0 = Release|Any CPU
		{F30D01EC-84F9-4D11-832D-5C43F04E8D37}.Release|x86.ActiveCfg = Release|Any CPU
		{F30D01EC-84F9-4D11-832D-5C43F04E8D37}.Release|x86.Build.0 = Release|Any CPU
		{A32C19A3-BEB2-4120-A621-B9F4B1E1F294}.Debug|Any CPU.ActiveCfg = Debug|Any CPU
		{A32C19A3-BEB2-4120-A621-B9F4B1E1F294}.Debug|Any CPU.Build.0 = Debug|Any CPU
		{A32C19A3-BEB2-4120-A621-B9F4B1E1F294}.Debug|ARM.ActiveCfg = Debug|Any CPU
		{A32C19A3-BEB2-4120-A621-B9F4B1E1F294}.Debug|ARM.Build.0 = Debug|Any CPU
		{A32C19A3-BEB2-4120-A621-B9F4B1E1F294}.Debug|arm64.ActiveCfg = Debug|Any CPU
		{A32C19A3-BEB2-4120-A621-B9F4B1E1F294}.Debug|arm64.Build.0 = Debug|Any CPU
		{A32C19A3-BEB2-4120-A621-B9F4B1E1F294}.Debug|x64.ActiveCfg = Debug|Any CPU
		{A32C19A3-BEB2-4120-A621-B9F4B1E1F294}.Debug|x64.Build.0 = Debug|Any CPU
		{A32C19A3-BEB2-4120-A621-B9F4B1E1F294}.Debug|x86.ActiveCfg = Debug|Any CPU
		{A32C19A3-BEB2-4120-A621-B9F4B1E1F294}.Debug|x86.Build.0 = Debug|Any CPU
		{A32C19A3-BEB2-4120-A621-B9F4B1E1F294}.Release|Any CPU.ActiveCfg = Release|Any CPU
		{A32C19A3-BEB2-4120-A621-B9F4B1E1F294}.Release|Any CPU.Build.0 = Release|Any CPU
		{A32C19A3-BEB2-4120-A621-B9F4B1E1F294}.Release|ARM.ActiveCfg = Release|Any CPU
		{A32C19A3-BEB2-4120-A621-B9F4B1E1F294}.Release|ARM.Build.0 = Release|Any CPU
		{A32C19A3-BEB2-4120-A621-B9F4B1E1F294}.Release|arm64.ActiveCfg = Release|Any CPU
		{A32C19A3-BEB2-4120-A621-B9F4B1E1F294}.Release|arm64.Build.0 = Release|Any CPU
		{A32C19A3-BEB2-4120-A621-B9F4B1E1F294}.Release|x64.ActiveCfg = Release|Any CPU
		{A32C19A3-BEB2-4120-A621-B9F4B1E1F294}.Release|x64.Build.0 = Release|Any CPU
		{A32C19A3-BEB2-4120-A621-B9F4B1E1F294}.Release|x86.ActiveCfg = Release|Any CPU
		{A32C19A3-BEB2-4120-A621-B9F4B1E1F294}.Release|x86.Build.0 = Release|Any CPU
		{4914A625-72B9-46B9-A502-BDC0531E5504}.Debug|Any CPU.ActiveCfg = Debug|Any CPU
		{4914A625-72B9-46B9-A502-BDC0531E5504}.Debug|Any CPU.Build.0 = Debug|Any CPU
		{4914A625-72B9-46B9-A502-BDC0531E5504}.Debug|ARM.ActiveCfg = Debug|Any CPU
		{4914A625-72B9-46B9-A502-BDC0531E5504}.Debug|ARM.Build.0 = Debug|Any CPU
		{4914A625-72B9-46B9-A502-BDC0531E5504}.Debug|arm64.ActiveCfg = Debug|Any CPU
		{4914A625-72B9-46B9-A502-BDC0531E5504}.Debug|arm64.Build.0 = Debug|Any CPU
		{4914A625-72B9-46B9-A502-BDC0531E5504}.Debug|x64.ActiveCfg = Debug|Any CPU
		{4914A625-72B9-46B9-A502-BDC0531E5504}.Debug|x64.Build.0 = Debug|Any CPU
		{4914A625-72B9-46B9-A502-BDC0531E5504}.Debug|x86.ActiveCfg = Debug|Any CPU
		{4914A625-72B9-46B9-A502-BDC0531E5504}.Debug|x86.Build.0 = Debug|Any CPU
		{4914A625-72B9-46B9-A502-BDC0531E5504}.Release|Any CPU.ActiveCfg = Release|Any CPU
		{4914A625-72B9-46B9-A502-BDC0531E5504}.Release|Any CPU.Build.0 = Release|Any CPU
		{4914A625-72B9-46B9-A502-BDC0531E5504}.Release|ARM.ActiveCfg = Release|Any CPU
		{4914A625-72B9-46B9-A502-BDC0531E5504}.Release|ARM.Build.0 = Release|Any CPU
		{4914A625-72B9-46B9-A502-BDC0531E5504}.Release|arm64.ActiveCfg = Release|Any CPU
		{4914A625-72B9-46B9-A502-BDC0531E5504}.Release|arm64.Build.0 = Release|Any CPU
		{4914A625-72B9-46B9-A502-BDC0531E5504}.Release|x64.ActiveCfg = Release|Any CPU
		{4914A625-72B9-46B9-A502-BDC0531E5504}.Release|x64.Build.0 = Release|Any CPU
		{4914A625-72B9-46B9-A502-BDC0531E5504}.Release|x86.ActiveCfg = Release|Any CPU
		{4914A625-72B9-46B9-A502-BDC0531E5504}.Release|x86.Build.0 = Release|Any CPU
	EndGlobalSection
	GlobalSection(SolutionProperties) = preSolution
		HideSolutionNode = FALSE
	EndGlobalSection
	GlobalSection(NestedProjects) = preSolution
		{BF304960-656B-4E18-A068-BE122B16D5C4} = {B70C3B67-FEC7-42E8-87E0-2374A952BE0E}
		{1BE43838-1DF9-4A2B-A2B9-3CA1426F9DBF} = {B70C3B67-FEC7-42E8-87E0-2374A952BE0E}
		{01D47DA4-5FB2-45A9-808C-186DB080DA0B} = {B70C3B67-FEC7-42E8-87E0-2374A952BE0E}
		{2E6A7E2D-7BEE-4FE9-BFA3-2EB83BB2C946} = {B70C3B67-FEC7-42E8-87E0-2374A952BE0E}
		{92EE856F-1F9B-4BC2-BB3B-84CAFF5C2B1E} = {62663D68-B9DE-487E-AB2A-2851E2BB79DD}
		{0AF197E1-9745-4074-AAD4-3A7FA205EB91} = {62663D68-B9DE-487E-AB2A-2851E2BB79DD}
		{7203E8E6-4213-49D6-BB91-7A69D1E2FB4F} = {62663D68-B9DE-487E-AB2A-2851E2BB79DD}
		{2E187B99-B727-4DBE-96B8-4DC3396789FE} = {62663D68-B9DE-487E-AB2A-2851E2BB79DD}
		{F30D01EC-84F9-4D11-832D-5C43F04E8D37} = {D2AC4DA4-C180-4DCA-A6C6-A2811A59DD39}
		{A32C19A3-BEB2-4120-A621-B9F4B1E1F294} = {D2AC4DA4-C180-4DCA-A6C6-A2811A59DD39}
		{4914A625-72B9-46B9-A502-BDC0531E5504} = {B70C3B67-FEC7-42E8-87E0-2374A952BE0E}
	EndGlobalSection
	GlobalSection(ExtensibilityGlobals) = postSolution
		SolutionGuid = {A6315853-7D7C-467C-BCCF-745C04916443}
	EndGlobalSection
EndGlobal
