
Microsoft Visual Studio Solution File, Format Version 12.00
# Visual Studio Version 16
VisualStudioVersion = 16.0.31025.218
MinimumVisualStudioVersion = 10.0.40219.1
Project("{9A19103F-16F7-4668-BE54-9A1E7A4F7556}") = "CalculadoraParcelas.ModernWPF", "src\CalculadoraParcelas.ModernWPF\CalculadoraParcelas.ModernWPF.csproj", "{BF304960-656B-4E18-A068-BE122B16D5C4}"
EndProject
Project("{9A19103F-16F7-4668-BE54-9A1E7A4F7556}") = "CalculadoraParcelas.WinUI", "src\CalculadoraParcelas.WinUI\CalculadoraParcelasWinUI\CalculadoraParcelas.WinUI.csproj", "{A3E55504-C086-456C-8A98-B838CAD633FD}"
EndProject
Project("{C7167F0D-BC9F-4E6E-AFE1-012C56B48DB5}") = "CalculadoraParcelas.WinUI (Package)", "src\CalculadoraParcelas.WinUI\CalculadoraParcelasWinUI (Package)\CalculadoraParcelas.WinUI (Package).wapproj", "{B1E7A76F-F943-4D9E-B91F-620775E71BE4}"
EndProject
Project("{9A19103F-16F7-4668-BE54-9A1E7A4F7556}") = "TitleBarWorkarounds", "src\WinUI3TitleBarWorkarounds\TitleBarWorkarounds.csproj", "{9F25F450-D19F-49F3-A7F3-46BEBFF9841C}"
EndProject
Project("{2150E333-8FDC-42A3-9474-1A3956D46DE8}") = "WinUI", "WinUI", "{DE8D3487-0E11-46F3-AB44-DE568B2C5A14}"
EndProject
Project("{2150E333-8FDC-42A3-9474-1A3956D46DE8}") = "Desktop", "Desktop", "{B70C3B67-FEC7-42E8-87E0-2374A952BE0E}"
EndProject
Project("{FAE04EC0-301F-11D3-BF4B-00C04F79EFBC}") = "CalculadoraParcelas.UWP", "src\CalculadoraParcelas.UWP\CalculadoraParcelas.UWP.csproj", "{1BE43838-1DF9-4A2B-A2B9-3CA1426F9DBF}"
EndProject
Project("{9A19103F-16F7-4668-BE54-9A1E7A4F7556}") = "CalculadoraParcelas.Windows.Core", "src\CalculadoraParcelas.Windows.Core\CalculadoraParcelas.Windows.Core.csproj", "{01D47DA4-5FB2-45A9-808C-186DB080DA0B}"
EndProject
Global
	GlobalSection(SolutionConfigurationPlatforms) = preSolution
		Debug|Any CPU = Debug|Any CPU
		Debug|ARM = Debug|ARM
		Debug|arm64 = Debug|arm64
		Debug|x64 = Debug|x64
		Debug|x86 = Debug|x86
		Release|Any CPU = Release|Any CPU
		Release|ARM = Release|ARM
		Release|arm64 = Release|arm64
		Release|x64 = Release|x64
		Release|x86 = Release|x86
	EndGlobalSection
	GlobalSection(ProjectConfigurationPlatforms) = postSolution
		{BF304960-656B-4E18-A068-BE122B16D5C4}.Debug|Any CPU.ActiveCfg = Debug|Any CPU
		{BF304960-656B-4E18-A068-BE122B16D5C4}.Debug|Any CPU.Build.0 = Debug|Any CPU
		{BF304960-656B-4E18-A068-BE122B16D5C4}.Debug|ARM.ActiveCfg = Debug|Any CPU
		{BF304960-656B-4E18-A068-BE122B16D5C4}.Debug|ARM.Build.0 = Debug|Any CPU
		{BF304960-656B-4E18-A068-BE122B16D5C4}.Debug|arm64.ActiveCfg = Debug|Any CPU
		{BF304960-656B-4E18-A068-BE122B16D5C4}.Debug|arm64.Build.0 = Debug|Any CPU
		{BF304960-656B-4E18-A068-BE122B16D5C4}.Debug|x64.ActiveCfg = Debug|Any CPU
		{BF304960-656B-4E18-A068-BE122B16D5C4}.Debug|x64.Build.0 = Debug|Any CPU
		{BF304960-656B-4E18-A068-BE122B16D5C4}.Debug|x86.ActiveCfg = Debug|Any CPU
		{BF304960-656B-4E18-A068-BE122B16D5C4}.Debug|x86.Build.0 = Debug|Any CPU
		{BF304960-656B-4E18-A068-BE122B16D5C4}.Release|Any CPU.ActiveCfg = Release|Any CPU
		{BF304960-656B-4E18-A068-BE122B16D5C4}.Release|Any CPU.Build.0 = Release|Any CPU
		{BF304960-656B-4E18-A068-BE122B16D5C4}.Release|ARM.ActiveCfg = Release|Any CPU
		{BF304960-656B-4E18-A068-BE122B16D5C4}.Release|ARM.Build.0 = Release|Any CPU
		{BF304960-656B-4E18-A068-BE122B16D5C4}.Release|arm64.ActiveCfg = Release|Any CPU
		{BF304960-656B-4E18-A068-BE122B16D5C4}.Release|arm64.Build.0 = Release|Any CPU
		{BF304960-656B-4E18-A068-BE122B16D5C4}.Release|x64.ActiveCfg = Release|Any CPU
		{BF304960-656B-4E18-A068-BE122B16D5C4}.Release|x64.Build.0 = Release|Any CPU
		{BF304960-656B-4E18-A068-BE122B16D5C4}.Release|x86.ActiveCfg = Release|Any CPU
		{BF304960-656B-4E18-A068-BE122B16D5C4}.Release|x86.Build.0 = Release|Any CPU
		{A3E55504-C086-456C-8A98-B838CAD633FD}.Debug|Any CPU.ActiveCfg = Debug|x86
		{A3E55504-C086-456C-8A98-B838CAD633FD}.Debug|ARM.ActiveCfg = Debug|x86
		{A3E55504-C086-456C-8A98-B838CAD633FD}.Debug|arm64.ActiveCfg = Debug|arm64
		{A3E55504-C086-456C-8A98-B838CAD633FD}.Debug|arm64.Build.0 = Debug|arm64
		{A3E55504-C086-456C-8A98-B838CAD633FD}.Debug|x64.ActiveCfg = Debug|x64
		{A3E55504-C086-456C-8A98-B838CAD633FD}.Debug|x64.Build.0 = Debug|x64
		{A3E55504-C086-456C-8A98-B838CAD633FD}.Debug|x86.ActiveCfg = Debug|x86
		{A3E55504-C086-456C-8A98-B838CAD633FD}.Debug|x86.Build.0 = Debug|x86
		{A3E55504-C086-456C-8A98-B838CAD633FD}.Release|Any CPU.ActiveCfg = Release|x86
		{A3E55504-C086-456C-8A98-B838CAD633FD}.Release|ARM.ActiveCfg = Release|x86
		{A3E55504-C086-456C-8A98-B838CAD633FD}.Release|arm64.ActiveCfg = Release|arm64
		{A3E55504-C086-456C-8A98-B838CAD633FD}.Release|arm64.Build.0 = Release|arm64
		{A3E55504-C086-456C-8A98-B838CAD633FD}.Release|x64.ActiveCfg = Release|x64
		{A3E55504-C086-456C-8A98-B838CAD633FD}.Release|x64.Build.0 = Release|x64
		{A3E55504-C086-456C-8A98-B838CAD633FD}.Release|x86.ActiveCfg = Release|x86
		{A3E55504-C086-456C-8A98-B838CAD633FD}.Release|x86.Build.0 = Release|x86
		{B1E7A76F-F943-4D9E-B91F-620775E71BE4}.Debug|Any CPU.ActiveCfg = Debug|x86
		{B1E7A76F-F943-4D9E-B91F-620775E71BE4}.Debug|ARM.ActiveCfg = Debug|x86
		{B1E7A76F-F943-4D9E-B91F-620775E71BE4}.Debug|arm64.ActiveCfg = Debug|arm64
		{B1E7A76F-F943-4D9E-B91F-620775E71BE4}.Debug|arm64.Build.0 = Debug|arm64
		{B1E7A76F-F943-4D9E-B91F-620775E71BE4}.Debug|arm64.Deploy.0 = Debug|arm64
		{B1E7A76F-F943-4D9E-B91F-620775E71BE4}.Debug|x64.ActiveCfg = Debug|x64
		{B1E7A76F-F943-4D9E-B91F-620775E71BE4}.Debug|x64.Build.0 = Debug|x64
		{B1E7A76F-F943-4D9E-B91F-620775E71BE4}.Debug|x64.Deploy.0 = Debug|x64
		{B1E7A76F-F943-4D9E-B91F-620775E71BE4}.Debug|x86.ActiveCfg = Debug|x86
		{B1E7A76F-F943-4D9E-B91F-620775E71BE4}.Debug|x86.Build.0 = Debug|x86
		{B1E7A76F-F943-4D9E-B91F-620775E71BE4}.Debug|x86.Deploy.0 = Debug|x86
		{B1E7A76F-F943-4D9E-B91F-620775E71BE4}.Release|Any CPU.ActiveCfg = Release|x86
		{B1E7A76F-F943-4D9E-B91F-620775E71BE4}.Release|ARM.ActiveCfg = Release|x86
		{B1E7A76F-F943-4D9E-B91F-620775E71BE4}.Release|arm64.ActiveCfg = Release|arm64
		{B1E7A76F-F943-4D9E-B91F-620775E71BE4}.Release|arm64.Build.0 = Release|arm64
		{B1E7A76F-F943-4D9E-B91F-620775E71BE4}.Release|arm64.Deploy.0 = Release|arm64
		{B1E7A76F-F943-4D9E-B91F-620775E71BE4}.Release|x64.ActiveCfg = Release|x64
		{B1E7A76F-F943-4D9E-B91F-620775E71BE4}.Release|x64.Build.0 = Release|x64
		{B1E7A76F-F943-4D9E-B91F-620775E71BE4}.Release|x64.Deploy.0 = Release|x64
		{B1E7A76F-F943-4D9E-B91F-620775E71BE4}.Release|x86.ActiveCfg = Release|x86
		{B1E7A76F-F943-4D9E-B91F-620775E71BE4}.Release|x86.Build.0 = Release|x86
		{B1E7A76F-F943-4D9E-B91F-620775E71BE4}.Release|x86.Deploy.0 = Release|x86
		{9F25F450-D19F-49F3-A7F3-46BEBFF9841C}.Debug|Any CPU.ActiveCfg = Debug|Any CPU
		{9F25F450-D19F-49F3-A7F3-46BEBFF9841C}.Debug|Any CPU.Build.0 = Debug|Any CPU
		{9F25F450-D19F-49F3-A7F3-46BEBFF9841C}.Debug|ARM.ActiveCfg = Debug|Any CPU
		{9F25F450-D19F-49F3-A7F3-46BEBFF9841C}.Debug|ARM.Build.0 = Debug|Any CPU
		{9F25F450-D19F-49F3-A7F3-46BEBFF9841C}.Debug|arm64.ActiveCfg = Debug|Any CPU
		{9F25F450-D19F-49F3-A7F3-46BEBFF9841C}.Debug|arm64.Build.0 = Debug|Any CPU
		{9F25F450-D19F-49F3-A7F3-46BEBFF9841C}.Debug|x64.ActiveCfg = Debug|Any CPU
		{9F25F450-D19F-49F3-A7F3-46BEBFF9841C}.Debug|x64.Build.0 = Debug|Any CPU
		{9F25F450-D19F-49F3-A7F3-46BEBFF9841C}.Debug|x86.ActiveCfg = Debug|Any CPU
		{9F25F450-D19F-49F3-A7F3-46BEBFF9841C}.Debug|x86.Build.0 = Debug|Any CPU
		{9F25F450-D19F-49F3-A7F3-46BEBFF9841C}.Release|Any CPU.ActiveCfg = Release|Any CPU
		{9F25F450-D19F-49F3-A7F3-46BEBFF9841C}.Release|Any CPU.Build.0 = Release|Any CPU
		{9F25F450-D19F-49F3-A7F3-46BEBFF9841C}.Release|ARM.ActiveCfg = Release|Any CPU
		{9F25F450-D19F-49F3-A7F3-46BEBFF9841C}.Release|ARM.Build.0 = Release|Any CPU
		{9F25F450-D19F-49F3-A7F3-46BEBFF9841C}.Release|arm64.ActiveCfg = Release|Any CPU
		{9F25F450-D19F-49F3-A7F3-46BEBFF9841C}.Release|arm64.Build.0 = Release|Any CPU
		{9F25F450-D19F-49F3-A7F3-46BEBFF9841C}.Release|x64.ActiveCfg = Release|Any CPU
		{9F25F450-D19F-49F3-A7F3-46BEBFF9841C}.Release|x64.Build.0 = Release|Any CPU
		{9F25F450-D19F-49F3-A7F3-46BEBFF9841C}.Release|x86.ActiveCfg = Release|Any CPU
		{9F25F450-D19F-49F3-A7F3-46BEBFF9841C}.Release|x86.Build.0 = Release|Any CPU
		{1BE43838-1DF9-4A2B-A2B9-3CA1426F9DBF}.Debug|Any CPU.ActiveCfg = Debug|x86
		{1BE43838-1DF9-4A2B-A2B9-3CA1426F9DBF}.Debug|Any CPU.Build.0 = Debug|x86
		{1BE43838-1DF9-4A2B-A2B9-3CA1426F9DBF}.Debug|Any CPU.Deploy.0 = Debug|x86
		{1BE43838-1DF9-4A2B-A2B9-3CA1426F9DBF}.Debug|ARM.ActiveCfg = Debug|ARM
		{1BE43838-1DF9-4A2B-A2B9-3CA1426F9DBF}.Debug|ARM.Build.0 = Debug|ARM
		{1BE43838-1DF9-4A2B-A2B9-3CA1426F9DBF}.Debug|ARM.Deploy.0 = Debug|ARM
		{1BE43838-1DF9-4A2B-A2B9-3CA1426F9DBF}.Debug|arm64.ActiveCfg = Debug|ARM64
		{1BE43838-1DF9-4A2B-A2B9-3CA1426F9DBF}.Debug|arm64.Build.0 = Debug|ARM64
		{1BE43838-1DF9-4A2B-A2B9-3CA1426F9DBF}.Debug|arm64.Deploy.0 = Debug|ARM64
		{1BE43838-1DF9-4A2B-A2B9-3CA1426F9DBF}.Debug|x64.ActiveCfg = Debug|x64
		{1BE43838-1DF9-4A2B-A2B9-3CA1426F9DBF}.Debug|x64.Build.0 = Debug|x64
		{1BE43838-1DF9-4A2B-A2B9-3CA1426F9DBF}.Debug|x64.Deploy.0 = Debug|x64
		{1BE43838-1DF9-4A2B-A2B9-3CA1426F9DBF}.Debug|x86.ActiveCfg = Debug|x86
		{1BE43838-1DF9-4A2B-A2B9-3CA1426F9DBF}.Debug|x86.Build.0 = Debug|x86
		{1BE43838-1DF9-4A2B-A2B9-3CA1426F9DBF}.Debug|x86.Deploy.0 = Debug|x86
		{1BE43838-1DF9-4A2B-A2B9-3CA1426F9DBF}.Release|Any CPU.ActiveCfg = Release|x86
		{1BE43838-1DF9-4A2B-A2B9-3CA1426F9DBF}.Release|ARM.ActiveCfg = Release|ARM
		{1BE43838-1DF9-4A2B-A2B9-3CA1426F9DBF}.Release|ARM.Build.0 = Release|ARM
		{1BE43838-1DF9-4A2B-A2B9-3CA1426F9DBF}.Release|ARM.Deploy.0 = Release|ARM
		{1BE43838-1DF9-4A2B-A2B9-3CA1426F9DBF}.Release|arm64.ActiveCfg = Release|ARM64
		{1BE43838-1DF9-4A2B-A2B9-3CA1426F9DBF}.Release|arm64.Build.0 = Release|ARM64
		{1BE43838-1DF9-4A2B-A2B9-3CA1426F9DBF}.Release|arm64.Deploy.0 = Release|ARM64
		{1BE43838-1DF9-4A2B-A2B9-3CA1426F9DBF}.Release|x64.ActiveCfg = Release|x64
		{1BE43838-1DF9-4A2B-A2B9-3CA1426F9DBF}.Release|x64.Build.0 = Release|x64
		{1BE43838-1DF9-4A2B-A2B9-3CA1426F9DBF}.Release|x64.Deploy.0 = Release|x64
		{1BE43838-1DF9-4A2B-A2B9-3CA1426F9DBF}.Release|x86.ActiveCfg = Release|x86
		{1BE43838-1DF9-4A2B-A2B9-3CA1426F9DBF}.Release|x86.Build.0 = Release|x86
		{1BE43838-1DF9-4A2B-A2B9-3CA1426F9DBF}.Release|x86.Deploy.0 = Release|x86
		{01D47DA4-5FB2-45A9-808C-186DB080DA0B}.Debug|Any CPU.ActiveCfg = Debug|Any CPU
		{01D47DA4-5FB2-45A9-808C-186DB080DA0B}.Debug|Any CPU.Build.0 = Debug|Any CPU
		{01D47DA4-5FB2-45A9-808C-186DB080DA0B}.Debug|ARM.ActiveCfg = Debug|Any CPU
		{01D47DA4-5FB2-45A9-808C-186DB080DA0B}.Debug|ARM.Build.0 = Debug|Any CPU
		{01D47DA4-5FB2-45A9-808C-186DB080DA0B}.Debug|arm64.ActiveCfg = Debug|Any CPU
		{01D47DA4-5FB2-45A9-808C-186DB080DA0B}.Debug|arm64.Build.0 = Debug|Any CPU
		{01D47DA4-5FB2-45A9-808C-186DB080DA0B}.Debug|x64.ActiveCfg = Debug|Any CPU
		{01D47DA4-5FB2-45A9-808C-186DB080DA0B}.Debug|x64.Build.0 = Debug|Any CPU
		{01D47DA4-5FB2-45A9-808C-186DB080DA0B}.Debug|x86.ActiveCfg = Debug|Any CPU
		{01D47DA4-5FB2-45A9-808C-186DB080DA0B}.Debug|x86.Build.0 = Debug|Any CPU
		{01D47DA4-5FB2-45A9-808C-186DB080DA0B}.Release|Any CPU.ActiveCfg = Release|Any CPU
		{01D47DA4-5FB2-45A9-808C-186DB080DA0B}.Release|Any CPU.Build.0 = Release|Any CPU
		{01D47DA4-5FB2-45A9-808C-186DB080DA0B}.Release|ARM.ActiveCfg = Release|Any CPU
		{01D47DA4-5FB2-45A9-808C-186DB080DA0B}.Release|ARM.Build.0 = Release|Any CPU
		{01D47DA4-5FB2-45A9-808C-186DB080DA0B}.Release|arm64.ActiveCfg = Release|Any CPU
		{01D47DA4-5FB2-45A9-808C-186DB080DA0B}.Release|arm64.Build.0 = Release|Any CPU
		{01D47DA4-5FB2-45A9-808C-186DB080DA0B}.Release|x64.ActiveCfg = Release|Any CPU
		{01D47DA4-5FB2-45A9-808C-186DB080DA0B}.Release|x64.Build.0 = Release|Any CPU
		{01D47DA4-5FB2-45A9-808C-186DB080DA0B}.Release|x86.ActiveCfg = Release|Any CPU
		{01D47DA4-5FB2-45A9-808C-186DB080DA0B}.Release|x86.Build.0 = Release|Any CPU
	EndGlobalSection
	GlobalSection(SolutionProperties) = preSolution
		HideSolutionNode = FALSE
	EndGlobalSection
	GlobalSection(NestedProjects) = preSolution
		{BF304960-656B-4E18-A068-BE122B16D5C4} = {B70C3B67-FEC7-42E8-87E0-2374A952BE0E}
		{A3E55504-C086-456C-8A98-B838CAD633FD} = {DE8D3487-0E11-46F3-AB44-DE568B2C5A14}
		{B1E7A76F-F943-4D9E-B91F-620775E71BE4} = {DE8D3487-0E11-46F3-AB44-DE568B2C5A14}
		{9F25F450-D19F-49F3-A7F3-46BEBFF9841C} = {DE8D3487-0E11-46F3-AB44-DE568B2C5A14}
		{DE8D3487-0E11-46F3-AB44-DE568B2C5A14} = {B70C3B67-FEC7-42E8-87E0-2374A952BE0E}
		{1BE43838-1DF9-4A2B-A2B9-3CA1426F9DBF} = {B70C3B67-FEC7-42E8-87E0-2374A952BE0E}
		{01D47DA4-5FB2-45A9-808C-186DB080DA0B} = {B70C3B67-FEC7-42E8-87E0-2374A952BE0E}
	EndGlobalSection
	GlobalSection(ExtensibilityGlobals) = postSolution
		SolutionGuid = {A6315853-7D7C-467C-BCCF-745C04916443}
	EndGlobalSection
EndGlobal
